
Microsoft Visual Studio Solution File, Format Version 12.00
# Visual Studio Version 17
VisualStudioVersion = 17.8.34322.80
MinimumVisualStudioVersion = 10.0.40219.1
Project("{FAE04EC0-301F-11D3-BF4B-00C04F79EFBC}") = "CriptografiaApp", "CriptografiaApp.csproj", "{15C2DCA2-3ABA-4742-B5A1-15AB1E8608EA}"
EndProject
Global
	GlobalSection(SolutionConfigurationPlatforms) = preSolution
		Debug|Any CPU = Debug|Any CPU
		Release|Any CPU = Release|Any CPU
	EndGlobalSection
	GlobalSection(ProjectConfigurationPlatforms) = postSolution
		{15C2DCA2-3ABA-4742-B5A1-15AB1E8608EA}.Debug|Any CPU.ActiveCfg = Debug|Any CPU
		{15C2DCA2-3ABA-4742-B5A1-15AB1E8608EA}.Debug|Any CPU.Build.0 = Debug|Any CPU
		{15C2DCA2-3ABA-4742-B5A1-15AB1E8608EA}.Release|Any CPU.ActiveCfg = Release|Any CPU
		{15C2DCA2-3ABA-4742-B5A1-15AB1E8608EA}.Release|Any CPU.Build.0 = Release|Any CPU
	EndGlobalSection
	GlobalSection(SolutionProperties) = preSolution
		HideSolutionNode = FALSE
	EndGlobalSection
	GlobalSection(ExtensibilityGlobals) = postSolution
		SolutionGuid = {09EBCD69-4911-4864-814B-F28C089A7335}
	EndGlobalSection
EndGlobal
